// !$*UTF8*$!
{
	archiveVersion = 1;
	classes = {
	};
	objectVersion = 46;
	objects = {

/* Begin PBXBuildFile section */
		1F4680961D6B413B000FCECD /* AppDelegate.swift in Sources */ = {isa = PBXBuildFile; fileRef = 1F4680951D6B413B000FCECD /* AppDelegate.swift */; };
		1F4680981D6B413B000FCECD /* ViewController.swift in Sources */ = {isa = PBXBuildFile; fileRef = 1F4680971D6B413B000FCECD /* ViewController.swift */; };
		1F46809B1D6B413B000FCECD /* Main.storyboard in Resources */ = {isa = PBXBuildFile; fileRef = 1F4680991D6B413B000FCECD /* Main.storyboard */; };
		1F46809D1D6B413B000FCECD /* Assets.xcassets in Resources */ = {isa = PBXBuildFile; fileRef = 1F46809C1D6B413B000FCECD /* Assets.xcassets */; };
		1F4680A01D6B413B000FCECD /* LaunchScreen.storyboard in Resources */ = {isa = PBXBuildFile; fileRef = 1F46809E1D6B413B000FCECD /* LaunchScreen.storyboard */; };
		1F4680AB1D6B413B000FCECD /* SampleMapsPrjTests.swift in Sources */ = {isa = PBXBuildFile; fileRef = 1F4680AA1D6B413B000FCECD /* SampleMapsPrjTests.swift */; };
		1F4680B61D6B413B000FCECD /* SampleMapsPrjUITests.swift in Sources */ = {isa = PBXBuildFile; fileRef = 1F4680B51D6B413B000FCECD /* SampleMapsPrjUITests.swift */; };
		1F4680C41D6B4190000FCECD /* LocationSearchTable.swift in Sources */ = {isa = PBXBuildFile; fileRef = 1F4680C31D6B4190000FCECD /* LocationSearchTable.swift */; };
/* End PBXBuildFile section */

/* Begin PBXContainerItemProxy section */
		1F4680A71D6B413B000FCECD /* PBXContainerItemProxy */ = {
			isa = PBXContainerItemProxy;
			containerPortal = 1F46808A1D6B413B000FCECD /* Project object */;
			proxyType = 1;
			remoteGlobalIDString = 1F4680911D6B413B000FCECD;
			remoteInfo = SampleMapsPrj;
		};
		1F4680B21D6B413B000FCECD /* PBXContainerItemProxy */ = {
			isa = PBXContainerItemProxy;
			containerPortal = 1F46808A1D6B413B000FCECD /* Project object */;
			proxyType = 1;
			remoteGlobalIDString = 1F4680911D6B413B000FCECD;
			remoteInfo = SampleMapsPrj;
		};
/* End PBXContainerItemProxy section */

/* Begin PBXFileReference section */
		1F4680921D6B413B000FCECD /* SampleMapsPrj.app */ = {isa = PBXFileReference; explicitFileType = wrapper.application; includeInIndex = 0; path = SampleMapsPrj.app; sourceTree = BUILT_PRODUCTS_DIR; };
		1F4680951D6B413B000FCECD /* AppDelegate.swift */ = {isa = PBXFileReference; lastKnownFileType = sourcecode.swift; path = AppDelegate.swift; sourceTree = "<group>"; };
		1F4680971D6B413B000FCECD /* ViewController.swift */ = {isa = PBXFileReference; lastKnownFileType = sourcecode.swift; path = ViewController.swift; sourceTree = "<group>"; };
		1F46809A1D6B413B000FCECD /* Base */ = {isa = PBXFileReference; lastKnownFileType = file.storyboard; name = Base; path = Base.lproj/Main.storyboard; sourceTree = "<group>"; };
		1F46809C1D6B413B000FCECD /* Assets.xcassets */ = {isa = PBXFileReference; lastKnownFileType = folder.assetcatalog; path = Assets.xcassets; sourceTree = "<group>"; };
		1F46809F1D6B413B000FCECD /* Base */ = {isa = PBXFileReference; lastKnownFileType = file.storyboard; name = Base; path = Base.lproj/LaunchScreen.storyboard; sourceTree = "<group>"; };
		1F4680A11D6B413B000FCECD /* Info.plist */ = {isa = PBXFileReference; lastKnownFileType = text.plist.xml; path = Info.plist; sourceTree = "<group>"; };
		1F4680A61D6B413B000FCECD /* SampleMapsPrjTests.xctest */ = {isa = PBXFileReference; explicitFileType = wrapper.cfbundle; includeInIndex = 0; path = SampleMapsPrjTests.xctest; sourceTree = BUILT_PRODUCTS_DIR; };
		1F4680AA1D6B413B000FCECD /* SampleMapsPrjTests.swift */ = {isa = PBXFileReference; lastKnownFileType = sourcecode.swift; path = SampleMapsPrjTests.swift; sourceTree = "<group>"; };
		1F4680AC1D6B413B000FCECD /* Info.plist */ = {isa = PBXFileReference; lastKnownFileType = text.plist.xml; path = Info.plist; sourceTree = "<group>"; };
		1F4680B11D6B413B000FCECD /* SampleMapsPrjUITests.xctest */ = {isa = PBXFileReference; explicitFileType = wrapper.cfbundle; includeInIndex = 0; path = SampleMapsPrjUITests.xctest; sourceTree = BUILT_PRODUCTS_DIR; };
		1F4680B51D6B413B000FCECD /* SampleMapsPrjUITests.swift */ = {isa = PBXFileReference; lastKnownFileType = sourcecode.swift; path = SampleMapsPrjUITests.swift; sourceTree = "<group>"; };
		1F4680B71D6B413B000FCECD /* Info.plist */ = {isa = PBXFileReference; lastKnownFileType = text.plist.xml; path = Info.plist; sourceTree = "<group>"; };
		1F4680C31D6B4190000FCECD /* LocationSearchTable.swift */ = {isa = PBXFileReference; fileEncoding = 4; lastKnownFileType = sourcecode.swift; path = LocationSearchTable.swift; sourceTree = "<group>"; };
/* End PBXFileReference section */

/* Begin PBXFrameworksBuildPhase section */
		1F46808F1D6B413B000FCECD /* Frameworks */ = {
			isa = PBXFrameworksBuildPhase;
			buildActionMask = 2147483647;
			files = (
			);
			runOnlyForDeploymentPostprocessing = 0;
		};
		1F4680A31D6B413B000FCECD /* Frameworks */ = {
			isa = PBXFrameworksBuildPhase;
			buildActionMask = 2147483647;
			files = (
			);
			runOnlyForDeploymentPostprocessing = 0;
		};
		1F4680AE1D6B413B000FCECD /* Frameworks */ = {
			isa = PBXFrameworksBuildPhase;
			buildActionMask = 2147483647;
			files = (
			);
			runOnlyForDeploymentPostprocessing = 0;
		};
/* End PBXFrameworksBuildPhase section */

/* Begin PBXGroup section */
		1F4680891D6B413B000FCECD = {
			isa = PBXGroup;
			children = (
				1F4680941D6B413B000FCECD /* SampleMapsPrj */,
				1F4680A91D6B413B000FCECD /* SampleMapsPrjTests */,
				1F4680B41D6B413B000FCECD /* SampleMapsPrjUITests */,
				1F4680931D6B413B000FCECD /* Products */,
			);
			sourceTree = "<group>";
		};
		1F4680931D6B413B000FCECD /* Products */ = {
			isa = PBXGroup;
			children = (
				1F4680921D6B413B000FCECD /* SampleMapsPrj.app */,
				1F4680A61D6B413B000FCECD /* SampleMapsPrjTests.xctest */,
				1F4680B11D6B413B000FCECD /* SampleMapsPrjUITests.xctest */,
			);
			name = Products;
			sourceTree = "<group>";
		};
		1F4680941D6B413B000FCECD /* SampleMapsPrj */ = {
			isa = PBXGroup;
			children = (
				1F4680951D6B413B000FCECD /* AppDelegate.swift */,
				1F4680971D6B413B000FCECD /* ViewController.swift */,
				1F4680C31D6B4190000FCECD /* LocationSearchTable.swift */,
				1F4680991D6B413B000FCECD /* Main.storyboard */,
				1F46809C1D6B413B000FCECD /* Assets.xcassets */,
				1F46809E1D6B413B000FCECD /* LaunchScreen.storyboard */,
				1F4680A11D6B413B000FCECD /* Info.plist */,
			);
			path = SampleMapsPrj;
			sourceTree = "<group>";
		};
		1F4680A91D6B413B000FCECD /* SampleMapsPrjTests */ = {
			isa = PBXGroup;
			children = (
				1F4680AA1D6B413B000FCECD /* SampleMapsPrjTests.swift */,
				1F4680AC1D6B413B000FCECD /* Info.plist */,
			);
			path = SampleMapsPrjTests;
			sourceTree = "<group>";
		};
		1F4680B41D6B413B000FCECD /* SampleMapsPrjUITests */ = {
			isa = PBXGroup;
			children = (
				1F4680B51D6B413B000FCECD /* SampleMapsPrjUITests.swift */,
				1F4680B71D6B413B000FCECD /* Info.plist */,
			);
			path = SampleMapsPrjUITests;
			sourceTree = "<group>";
		};
/* End PBXGroup section */

/* Begin PBXNativeTarget section */
		1F4680911D6B413B000FCECD /* SampleMapsPrj */ = {
			isa = PBXNativeTarget;
			buildConfigurationList = 1F4680BA1D6B413B000FCECD /* Build configuration list for PBXNativeTarget "SampleMapsPrj" */;
			buildPhases = (
				1F46808E1D6B413B000FCECD /* Sources */,
				1F46808F1D6B413B000FCECD /* Frameworks */,
				1F4680901D6B413B000FCECD /* Resources */,
			);
			buildRules = (
			);
			dependencies = (
			);
			name = SampleMapsPrj;
			productName = SampleMapsPrj;
			productReference = 1F4680921D6B413B000FCECD /* SampleMapsPrj.app */;
			productType = "com.apple.product-type.application";
		};
		1F4680A51D6B413B000FCECD /* SampleMapsPrjTests */ = {
			isa = PBXNativeTarget;
			buildConfigurationList = 1F4680BD1D6B413B000FCECD /* Build configuration list for PBXNativeTarget "SampleMapsPrjTests" */;
			buildPhases = (
				1F4680A21D6B413B000FCECD /* Sources */,
				1F4680A31D6B413B000FCECD /* Frameworks */,
				1F4680A41D6B413B000FCECD /* Resources */,
			);
			buildRules = (
			);
			dependencies = (
				1F4680A81D6B413B000FCECD /* PBXTargetDependency */,
			);
			name = SampleMapsPrjTests;
			productName = SampleMapsPrjTests;
			productReference = 1F4680A61D6B413B000FCECD /* SampleMapsPrjTests.xctest */;
			productType = "com.apple.product-type.bundle.unit-test";
		};
		1F4680B01D6B413B000FCECD /* SampleMapsPrjUITests */ = {
			isa = PBXNativeTarget;
			buildConfigurationList = 1F4680C01D6B413B000FCECD /* Build configuration list for PBXNativeTarget "SampleMapsPrjUITests" */;
			buildPhases = (
				1F4680AD1D6B413B000FCECD /* Sources */,
				1F4680AE1D6B413B000FCECD /* Frameworks */,
				1F4680AF1D6B413B000FCECD /* Resources */,
			);
			buildRules = (
			);
			dependencies = (
				1F4680B31D6B413B000FCECD /* PBXTargetDependency */,
			);
			name = SampleMapsPrjUITests;
			productName = SampleMapsPrjUITests;
			productReference = 1F4680B11D6B413B000FCECD /* SampleMapsPrjUITests.xctest */;
			productType = "com.apple.product-type.bundle.ui-testing";
		};
/* End PBXNativeTarget section */

/* Begin PBXProject section */
		1F46808A1D6B413B000FCECD /* Project object */ = {
			isa = PBXProject;
			attributes = {
				LastSwiftUpdateCheck = 0730;
				LastUpgradeCheck = 0730;
				ORGANIZATIONNAME = Ganesh;
				TargetAttributes = {
					1F4680911D6B413B000FCECD = {
						CreatedOnToolsVersion = 7.3.1;
					};
					1F4680A51D6B413B000FCECD = {
						CreatedOnToolsVersion = 7.3.1;
						TestTargetID = 1F4680911D6B413B000FCECD;
					};
					1F4680B01D6B413B000FCECD = {
						CreatedOnToolsVersion = 7.3.1;
						TestTargetID = 1F4680911D6B413B000FCECD;
					};
				};
			};
			buildConfigurationList = 1F46808D1D6B413B000FCECD /* Build configuration list for PBXProject "SampleMapsPrj" */;
			compatibilityVersion = "Xcode 3.2";
			developmentRegion = English;
			hasScannedForEncodings = 0;
			knownRegions = (
				en,
				Base,
			);
			mainGroup = 1F4680891D6B413B000FCECD;
			productRefGroup = 1F4680931D6B413B000FCECD /* Products */;
			projectDirPath = "";
			projectRoot = "";
			targets = (
				1F4680911D6B413B000FCECD /* SampleMapsPrj */,
				1F4680A51D6B413B000FCECD /* SampleMapsPrjTests */,
				1F4680B01D6B413B000FCECD /* SampleMapsPrjUITests */,
			);
		};
/* End PBXProject section */

/* Begin PBXResourcesBuildPhase section */
		1F4680901D6B413B000FCECD /* Resources */ = {
			isa = PBXResourcesBuildPhase;
			buildActionMask = 2147483647;
			files = (
				1F4680A01D6B413B000FCECD /* LaunchScreen.storyboard in Resources */,
				1F46809D1D6B413B000FCECD /* Assets.xcassets in Resources */,
				1F46809B1D6B413B000FCECD /* Main.storyboard in Resources */,
			);
			runOnlyForDeploymentPostprocessing = 0;
		};
		1F4680A41D6B413B000FCECD /* Resources */ = {
			isa = PBXResourcesBuildPhase;
			buildActionMask = 2147483647;
			files = (
			);
			runOnlyForDeploymentPostprocessing = 0;
		};
		1F4680AF1D6B413B000FCECD /* Resources */ = {
			isa = PBXResourcesBuildPhase;
			buildActionMask = 2147483647;
			files = (
			);
			runOnlyForDeploymentPostprocessing = 0;
		};
/* End PBXResourcesBuildPhase section */

/* Begin PBXSourcesBuildPhase section */
		1F46808E1D6B413B000FCECD /* Sources */ = {
			isa = PBXSourcesBuildPhase;
			buildActionMask = 2147483647;
			files = (
				1F4680C41D6B4190000FCECD /* LocationSearchTable.swift in Sources */,
				1F4680981D6B413B000FCECD /* ViewController.swift in Sources */,
				1F4680961D6B413B000FCECD /* AppDelegate.swift in Sources */,
			);
			runOnlyForDeploymentPostprocessing = 0;
		};
		1F4680A21D6B413B000FCECD /* Sources */ = {
			isa = PBXSourcesBuildPhase;
			buildActionMask = 2147483647;
			files = (
				1F4680AB1D6B413B000FCECD /* SampleMapsPrjTests.swift in Sources */,
			);
			runOnlyForDeploymentPostprocessing = 0;
		};
		1F4680AD1D6B413B000FCECD /* Sources */ = {
			isa = PBXSourcesBuildPhase;
			buildActionMask = 2147483647;
			files = (
				1F4680B61D6B413B000FCECD /* SampleMapsPrjUITests.swift in Sources */,
			);
			runOnlyForDeploymentPostprocessing = 0;
		};
/* End PBXSourcesBuildPhase section */

/* Begin PBXTargetDependency section */
		1F4680A81D6B413B000FCECD /* PBXTargetDependency */ = {
			isa = PBXTargetDependency;
			target = 1F4680911D6B413B000FCECD /* SampleMapsPrj */;
			targetProxy = 1F4680A71D6B413B000FCECD /* PBXContainerItemProxy */;
		};
		1F4680B31D6B413B000FCECD /* PBXTargetDependency */ = {
			isa = PBXTargetDependency;
			target = 1F4680911D6B413B000FCECD /* SampleMapsPrj */;
			targetProxy = 1F4680B21D6B413B000FCECD /* PBXContainerItemProxy */;
		};
/* End PBXTargetDependency section */

/* Begin PBXVariantGroup section */
		1F4680991D6B413B000FCECD /* Main.storyboard */ = {
			isa = PBXVariantGroup;
			children = (
				1F46809A1D6B413B000FCECD /* Base */,
			);
			name = Main.storyboard;
			sourceTree = "<group>";
		};
		1F46809E1D6B413B000FCECD /* LaunchScreen.storyboard */ = {
			isa = PBXVariantGroup;
			children = (
				1F46809F1D6B413B000FCECD /* Base */,
			);
			name = LaunchScreen.storyboard;
			sourceTree = "<group>";
		};
/* End PBXVariantGroup section */

/* Begin XCBuildConfiguration section */
		1F4680B81D6B413B000FCECD /* Debug */ = {
			isa = XCBuildConfiguration;
			buildSettings = {
				ALWAYS_SEARCH_USER_PATHS = NO;
				CLANG_ANALYZER_NONNULL = YES;
				CLANG_CXX_LANGUAGE_STANDARD = "gnu++0x";
				CLANG_CXX_LIBRARY = "libc++";
				CLANG_ENABLE_MODULES = YES;
				CLANG_ENABLE_OBJC_ARC = YES;
				CLANG_WARN_BOOL_CONVERSION = YES;
				CLANG_WARN_CONSTANT_CONVERSION = YES;
				CLANG_WARN_DIRECT_OBJC_ISA_USAGE = YES_ERROR;
				CLANG_WARN_EMPTY_BODY = YES;
				CLANG_WARN_ENUM_CONVERSION = YES;
				CLANG_WARN_INT_CONVERSION = YES;
				CLANG_WARN_OBJC_ROOT_CLASS = YES_ERROR;
				CLANG_WARN_UNREACHABLE_CODE = YES;
				CLANG_WARN__DUPLICATE_METHOD_MATCH = YES;
				"CODE_SIGN_IDENTITY[sdk=iphoneos*]" = "iPhone Developer";
				COPY_PHASE_STRIP = NO;
				DEBUG_INFORMATION_FORMAT = dwarf;
				ENABLE_STRICT_OBJC_MSGSEND = YES;
				ENABLE_TESTABILITY = YES;
				GCC_C_LANGUAGE_STANDARD = gnu99;
				GCC_DYNAMIC_NO_PIC = NO;
				GCC_NO_COMMON_BLOCKS = YES;
				GCC_OPTIMIZATION_LEVEL = 0;
				GCC_PREPROCESSOR_DEFINITIONS = (
					"DEBUG=1",
					"$(inherited)",
				);
				GCC_WARN_64_TO_32_BIT_CONVERSION = YES;
				GCC_WARN_ABOUT_RETURN_TYPE = YES_ERROR;
				GCC_WARN_UNDECLARED_SELECTOR = YES;
				GCC_WARN_UNINITIALIZED_AUTOS = YES_AGGRESSIVE;
				GCC_WARN_UNUSED_FUNCTION = YES;
				GCC_WARN_UNUSED_VARIABLE = YES;
				IPHONEOS_DEPLOYMENT_TARGET = 9.3;
				MTL_ENABLE_DEBUG_INFO = YES;
				ONLY_ACTIVE_ARCH = YES;
				SDKROOT = iphoneos;
				SWIFT_OPTIMIZATION_LEVEL = "-Onone";
			};
			name = Debug;
		};
		1F4680B91D6B413B000FCECD /* Release */ = {
			isa = XCBuildConfiguration;
			buildSettings = {
				ALWAYS_SEARCH_USER_PATHS = NO;
				CLANG_ANALYZER_NONNULL = YES;
				CLANG_CXX_LANGUAGE_STANDARD = "gnu++0x";
				CLANG_CXX_LIBRARY = "libc++";
				CLANG_ENABLE_MODULES = YES;
				CLANG_ENABLE_OBJC_ARC = YES;
				CLANG_WARN_BOOL_CONVERSION = YES;
				CLANG_WARN_CONSTANT_CONVERSION = YES;
				CLANG_WARN_DIRECT_OBJC_ISA_USAGE = YES_ERROR;
				CLANG_WARN_EMPTY_BODY = YES;
				CLANG_WARN_ENUM_CONVERSION = YES;
				CLANG_WARN_INT_CONVERSION = YES;
				CLANG_WARN_OBJC_ROOT_CLASS = YES_ERROR;
				CLANG_WARN_UNREACHABLE_CODE = YES;
				CLANG_WARN__DUPLICATE_METHOD_MATCH = YES;
				"CODE_SIGN_IDENTITY[sdk=iphoneos*]" = "iPhone Developer";
				COPY_PHASE_STRIP = NO;
				DEBUG_INFORMATION_FORMAT = "dwarf-with-dsym";
				ENABLE_NS_ASSERTIONS = NO;
				ENABLE_STRICT_OBJC_MSGSEND = YES;
				GCC_C_LANGUAGE_STANDARD = gnu99;
				GCC_NO_COMMON_BLOCKS = YES;
				GCC_WARN_64_TO_32_BIT_CONVERSION = YES;
				GCC_WARN_ABOUT_RETURN_TYPE = YES_ERROR;
				GCC_WARN_UNDECLARED_SELECTOR = YES;
				GCC_WARN_UNINITIALIZED_AUTOS = YES_AGGRESSIVE;
				GCC_WARN_UNUSED_FUNCTION = YES;
				GCC_WARN_UNUSED_VARIABLE = YES;
				IPHONEOS_DEPLOYMENT_TARGET = 9.3;
				MTL_ENABLE_DEBUG_INFO = NO;
				SDKROOT = iphoneos;
				VALIDATE_PRODUCT = YES;
			};
			name = Release;
		};
		1F4680BB1D6B413B000FCECD /* Debug */ = {
			isa = XCBuildConfiguration;
			buildSettings = {
				ASSETCATALOG_COMPILER_APPICON_NAME = AppIcon;
				INFOPLIST_FILE = SampleMapsPrj/Info.plist;
				LD_RUNPATH_SEARCH_PATHS = "$(inherited) @executable_path/Frameworks";
				PRODUCT_BUNDLE_IDENTIFIER = r.SampleMapsPrj;
				PRODUCT_NAME = "$(TARGET_NAME)";
			};
			name = Debug;
		};
		1F4680BC1D6B413B000FCECD /* Release */ = {
			isa = XCBuildConfiguration;
			buildSettings = {
				ASSETCATALOG_COMPILER_APPICON_NAME = AppIcon;
				INFOPLIST_FILE = SampleMapsPrj/Info.plist;
				LD_RUNPATH_SEARCH_PATHS = "$(inherited) @executable_path/Frameworks";
				PRODUCT_BUNDLE_IDENTIFIER = r.SampleMapsPrj;
				PRODUCT_NAME = "$(TARGET_NAME)";
			};
			name = Release;
		};
		1F4680BE1D6B413B000FCECD /* Debug */ = {
			isa = XCBuildConfiguration;
			buildSettings = {
				BUNDLE_LOADER = "$(TEST_HOST)";
				INFOPLIST_FILE = SampleMapsPrjTests/Info.plist;
				LD_RUNPATH_SEARCH_PATHS = "$(inherited) @executable_path/Frameworks @loader_path/Frameworks";
				PRODUCT_BUNDLE_IDENTIFIER = r.SampleMapsPrjTests;
				PRODUCT_NAME = "$(TARGET_NAME)";
				TEST_HOST = "$(BUILT_PRODUCTS_DIR)/SampleMapsPrj.app/SampleMapsPrj";
			};
			name = Debug;
		};
		1F4680BF1D6B413B000FCECD /* Release */ = {
			isa = XCBuildConfiguration;
			buildSettings = {
				BUNDLE_LOADER = "$(TEST_HOST)";
				INFOPLIST_FILE = SampleMapsPrjTests/Info.plist;
				LD_RUNPATH_SEARCH_PATHS = "$(inherited) @executable_path/Frameworks @loader_path/Frameworks";
				PRODUCT_BUNDLE_IDENTIFIER = r.SampleMapsPrjTests;
				PRODUCT_NAME = "$(TARGET_NAME)";
				TEST_HOST = "$(BUILT_PRODUCTS_DIR)/SampleMapsPrj.app/SampleMapsPrj";
			};
			name = Release;
		};
		1F4680C11D6B413B000FCECD /* Debug */ = {
			isa = XCBuildConfiguration;
			buildSettings = {
				INFOPLIST_FILE = SampleMapsPrjUITests/Info.plist;
				LD_RUNPATH_SEARCH_PATHS = "$(inherited) @executable_path/Frameworks @loader_path/Frameworks";
				PRODUCT_BUNDLE_IDENTIFIER = r.SampleMapsPrjUITests;
				PRODUCT_NAME = "$(TARGET_NAME)";
				TEST_TARGET_NAME = SampleMapsPrj;
			};
			name = Debug;
		};
		1F4680C21D6B413B000FCECD /* Release */ = {
			isa = XCBuildConfiguration;
			buildSettings = {
				INFOPLIST_FILE = SampleMapsPrjUITests/Info.plist;
				LD_RUNPATH_SEARCH_PATHS = "$(inherited) @executable_path/Frameworks @loader_path/Frameworks";
				PRODUCT_BUNDLE_IDENTIFIER = r.SampleMapsPrjUITests;
				PRODUCT_NAME = "$(TARGET_NAME)";
				TEST_TARGET_NAME = SampleMapsPrj;
			};
			name = Release;
		};
/* End XCBuildConfiguration section */

/* Begin XCConfigurationList section */
		1F46808D1D6B413B000FCECD /* Build configuration list for PBXProject "SampleMapsPrj" */ = {
			isa = XCConfigurationList;
			buildConfigurations = (
				1F4680B81D6B413B000FCECD /* Debug */,
				1F4680B91D6B413B000FCECD /* Release */,
			);
			defaultConfigurationIsVisible = 0;
			defaultConfigurationName = Release;
		};
		1F4680BA1D6B413B000FCECD /* Build configuration list for PBXNativeTarget "SampleMapsPrj" */ = {
			isa = XCConfigurationList;
			buildConfigurations = (
				1F4680BB1D6B413B000FCECD /* Debug */,
				1F4680BC1D6B413B000FCECD /* Release */,
			);
			defaultConfigurationIsVisible = 0;
		};
		1F4680BD1D6B413B000FCECD /* Build configuration list for PBXNativeTarget "SampleMapsPrjTests" */ = {
			isa = XCConfigurationList;
			buildConfigurations = (
				1F4680BE1D6B413B000FCECD /* Debug */,
				1F4680BF1D6B413B000FCECD /* Release */,
			);
			defaultConfigurationIsVisible = 0;
		};
		1F4680C01D6B413B000FCECD /* Build configuration list for PBXNativeTarget "SampleMapsPrjUITests" */ = {
			isa = XCConfigurationList;
			buildConfigurations = (
				1F4680C11D6B413B000FCECD /* Debug */,
				1F4680C21D6B413B000FCECD /* Release */,
			);
			defaultConfigurationIsVisible = 0;
		};
/* End XCConfigurationList section */
	};
	rootObject = 1F46808A1D6B413B000FCECD /* Project object */;
}
